
Microsoft Visual Studio Solution File, Format Version 12.00
# Visual Studio 15
VisualStudioVersion = 15.0.27428.2002
MinimumVisualStudioVersion = 10.0.40219.1
Project("{FAE04EC0-301F-11D3-BF4B-00C04F79EFBC}") = "TipCalculator", "TipCalculator\TipCalculator.csproj", "{632C98CA-163D-49FF-9597-EF21EC47A77A}"
EndProject
Global
	GlobalSection(SolutionConfigurationPlatforms) = preSolution
		Debug|Any CPU = Debug|Any CPU
		Release|Any CPU = Release|Any CPU
	EndGlobalSection
	GlobalSection(ProjectConfigurationPlatforms) = postSolution
		{632C98CA-163D-49FF-9597-EF21EC47A77A}.Debug|Any CPU.ActiveCfg = Debug|Any CPU
		{632C98CA-163D-49FF-9597-EF21EC47A77A}.Debug|Any CPU.Build.0 = Debug|Any CPU
		{632C98CA-163D-49FF-9597-EF21EC47A77A}.Debug|Any CPU.Deploy.0 = Debug|Any CPU
		{632C98CA-163D-49FF-9597-EF21EC47A77A}.Release|Any CPU.ActiveCfg = Release|Any CPU
		{632C98CA-163D-49FF-9597-EF21EC47A77A}.Release|Any CPU.Build.0 = Release|Any CPU
		{632C98CA-163D-49FF-9597-EF21EC47A77A}.Release|Any CPU.Deploy.0 = Release|Any CPU
	EndGlobalSection
	GlobalSection(SolutionProperties) = preSolution
		HideSolutionNode = FALSE
	EndGlobalSection
	GlobalSection(ExtensibilityGlobals) = postSolution
		SolutionGuid = {5E7403A3-8CAD-4ACA-9489-0985BF9A4E73}
	EndGlobalSection
EndGlobal
